
Microsoft Visual Studio Solution File, Format Version 12.00
# Visual Studio Version 16
VisualStudioVersion = 16.0.28922.388
MinimumVisualStudioVersion = 10.0.40219.1
Project("{2150E333-8FDC-42A3-9474-1A3956D46DE8}") = "Solution Items", "Solution Items", "{B5D05395-4D8B-40A2-A03E-BFF4E76D7F7B}"
	ProjectSection(SolutionItems) = preProject
		.editorconfig = .editorconfig
		.gitattributes = .gitattributes
		.gitignore = .gitignore
		LICENSE = LICENSE
		ReadMe.md = ReadMe.md
		Unit Tests.md = Unit Tests.md
	EndProjectSection
EndProject
Project("{2150E333-8FDC-42A3-9474-1A3956D46DE8}") = "source", "source", "{49823B21-7C47-43DF-B3C1-4F48E2237EAD}"
EndProject
Project("{9A19103F-16F7-4668-BE54-9A1E7A4F7556}") = "trx2junit", "source\trx2junit\trx2junit.csproj", "{FD8336E3-655B-430A-A72F-377E83D54C63}"
EndProject
Project("{2150E333-8FDC-42A3-9474-1A3956D46DE8}") = "build", "build", "{292C2B9E-E093-4476-AE17-A08F144AC27A}"
	ProjectSection(SolutionItems) = preProject
		build.sh = build.sh
		ci-nuget.config = ci-nuget.config
		Directory.Build.props = Directory.Build.props
		verify-xml.sh = verify-xml.sh
	EndProjectSection
EndProject
Project("{2150E333-8FDC-42A3-9474-1A3956D46DE8}") = "samples", "samples", "{15D1FCD7-8027-4DD0-BF1A-BFC295C99332}"
	ProjectSection(SolutionItems) = preProject
		samples\Directory.Build.props = samples\Directory.Build.props
	EndProjectSection
EndProject
Project("{2150E333-8FDC-42A3-9474-1A3956D46DE8}") = "schemas", "schemas", "{7F5905D2-5BCD-4D98-AE53-98F2FFC9DE9D}"
	ProjectSection(SolutionItems) = preProject
		schemas\jenkins-junit.xsd = schemas\jenkins-junit.xsd
		schemas\junit.xsd = schemas\junit.xsd
		schemas\vstst.xsd = schemas\vstst.xsd
	EndProjectSection
EndProject
Project("{9A19103F-16F7-4668-BE54-9A1E7A4F7556}") = "NUnitSample", "samples\NUnitSample\NUnitSample.csproj", "{AB4EB02B-E16A-40B7-8524-A4F752FDFBBA}"
EndProject
Project("{9A19103F-16F7-4668-BE54-9A1E7A4F7556}") = "MsTestSample", "samples\MsTestSample\MsTestSample.csproj", "{BA191F72-A499-4D5B-972C-66EF3BD24B99}"
EndProject
Project("{2150E333-8FDC-42A3-9474-1A3956D46DE8}") = "tests", "tests", "{B42081F2-652A-46C6-8E10-D727A3C360A1}"
	ProjectSection(SolutionItems) = preProject
		tests\Directory.Build.props = tests\Directory.Build.props
	EndProjectSection
EndProject
Project("{9A19103F-16F7-4668-BE54-9A1E7A4F7556}") = "trx2junit.Tests", "tests\trx2junit.Tests\trx2junit.Tests.csproj", "{27B8F9C6-B0D5-4E66-8AB7-12A23D4EEFB9}"
EndProject
Project("{9A19103F-16F7-4668-BE54-9A1E7A4F7556}") = "XUnitSample", "samples\XUnitSample\XUnitSample.csproj", "{CE59E4DA-EB17-49A6-A6E8-1484A3413C46}"
EndProject
Project("{2150E333-8FDC-42A3-9474-1A3956D46DE8}") = "scripts", "scripts", "{3531998A-0501-4259-A130-D982412978AC}"
	ProjectSection(SolutionItems) = preProject
		tests\scripts\run-different-output-location.sh = tests\scripts\run-different-output-location.sh
		tests\scripts\run-globbing.sh = tests\scripts\run-globbing.sh
		tests\scripts\run-junit2trx.sh = tests\scripts\run-junit2trx.sh
		tests\scripts\run-multiple-args.sh = tests\scripts\run-multiple-args.sh
		tests\scripts\run-no-globbing.sh = tests\scripts\run-no-globbing.sh
		tests\scripts\run-samples.sh = tests\scripts\run-samples.sh
		tests\scripts\run-single-arg.sh = tests\scripts\run-single-arg.sh
	EndProjectSection
EndProject
Project("{2150E333-8FDC-42A3-9474-1A3956D46DE8}") = ".github", ".github", "{BA2AD413-4251-4C08-9BE5-402DCA7CAA41}"
	ProjectSection(SolutionItems) = preProject
		.github\CODEOWNERS = .github\CODEOWNERS
	EndProjectSection
EndProject
Project("{2150E333-8FDC-42A3-9474-1A3956D46DE8}") = "ISSUE_TEMPLATE", "ISSUE_TEMPLATE", "{9F873D32-DF04-4453-9604-716F5598AC7E}"
	ProjectSection(SolutionItems) = preProject
		.github\ISSUE_TEMPLATE\bug_report.md = .github\ISSUE_TEMPLATE\bug_report.md
	EndProjectSection
EndProject
Project("{2150E333-8FDC-42A3-9474-1A3956D46DE8}") = ".github", ".github", "{8819C279-C1A2-420B-A1FD-28F4097EC41C}"
EndProject
Project("{2150E333-8FDC-42A3-9474-1A3956D46DE8}") = "workflows", "workflows", "{A21A387B-90BB-45B0-AD48-240B86DA1FE9}"
	ProjectSection(SolutionItems) = preProject
		.github\workflows\automerge.yml = .github\workflows\automerge.yml
	EndProjectSection
EndProject
Project("{2150E333-8FDC-42A3-9474-1A3956D46DE8}") = ".azure", ".azure", "{5101A9AB-5CCE-4A20-AEA5-432BD2E4D9D2}"
EndProject
Project("{2150E333-8FDC-42A3-9474-1A3956D46DE8}") = "pipelines", "pipelines", "{8A80B7B0-F9B3-45C9-8796-C8049C43CD7E}"
	ProjectSection(SolutionItems) = preProject
		.azure\pipelines\ci.yml = .azure\pipelines\ci.yml
	EndProjectSection
EndProject
Project("{2150E333-8FDC-42A3-9474-1A3956D46DE8}") = "jobs", "jobs", "{BF2D34D4-5549-4098-994B-FACDBD730C56}"
	ProjectSection(SolutionItems) = preProject
		.azure\pipelines\jobs\build_and_test.yml = .azure\pipelines\jobs\build_and_test.yml
		.azure\pipelines\jobs\coverage.yml = .azure\pipelines\jobs\coverage.yml
		.azure\pipelines\jobs\deploy_nuget.yml = .azure\pipelines\jobs\deploy_nuget.yml
		.azure\pipelines\jobs\e2e_tests.yml = .azure\pipelines\jobs\e2e_tests.yml
	EndProjectSection
EndProject
Project("{2150E333-8FDC-42A3-9474-1A3956D46DE8}") = "steps", "steps", "{947EBA33-4567-4F7D-AF42-6A986153577E}"
	ProjectSection(SolutionItems) = preProject
		.azure\pipelines\jobs\steps\dotnet-install.yml = .azure\pipelines\jobs\steps\dotnet-install.yml
	EndProjectSection
EndProject
Global
	GlobalSection(SolutionConfigurationPlatforms) = preSolution
		Debug|Any CPU = Debug|Any CPU
		Release|Any CPU = Release|Any CPU
	EndGlobalSection
	GlobalSection(ProjectConfigurationPlatforms) = postSolution
		{FD8336E3-655B-430A-A72F-377E83D54C63}.Debug|Any CPU.ActiveCfg = Debug|Any CPU
		{FD8336E3-655B-430A-A72F-377E83D54C63}.Debug|Any CPU.Build.0 = Debug|Any CPU
		{FD8336E3-655B-430A-A72F-377E83D54C63}.Release|Any CPU.ActiveCfg = Release|Any CPU
		{FD8336E3-655B-430A-A72F-377E83D54C63}.Release|Any CPU.Build.0 = Release|Any CPU
		{AB4EB02B-E16A-40B7-8524-A4F752FDFBBA}.Debug|Any CPU.ActiveCfg = Debug|Any CPU
		{AB4EB02B-E16A-40B7-8524-A4F752FDFBBA}.Debug|Any CPU.Build.0 = Debug|Any CPU
		{AB4EB02B-E16A-40B7-8524-A4F752FDFBBA}.Release|Any CPU.ActiveCfg = Release|Any CPU
		{AB4EB02B-E16A-40B7-8524-A4F752FDFBBA}.Release|Any CPU.Build.0 = Release|Any CPU
		{BA191F72-A499-4D5B-972C-66EF3BD24B99}.Debug|Any CPU.ActiveCfg = Debug|Any CPU
		{BA191F72-A499-4D5B-972C-66EF3BD24B99}.Debug|Any CPU.Build.0 = Debug|Any CPU
		{BA191F72-A499-4D5B-972C-66EF3BD24B99}.Release|Any CPU.ActiveCfg = Release|Any CPU
		{BA191F72-A499-4D5B-972C-66EF3BD24B99}.Release|Any CPU.Build.0 = Release|Any CPU
		{27B8F9C6-B0D5-4E66-8AB7-12A23D4EEFB9}.Debug|Any CPU.ActiveCfg = Debug|Any CPU
		{27B8F9C6-B0D5-4E66-8AB7-12A23D4EEFB9}.Debug|Any CPU.Build.0 = Debug|Any CPU
		{27B8F9C6-B0D5-4E66-8AB7-12A23D4EEFB9}.Release|Any CPU.ActiveCfg = Release|Any CPU
		{27B8F9C6-B0D5-4E66-8AB7-12A23D4EEFB9}.Release|Any CPU.Build.0 = Release|Any CPU
		{CE59E4DA-EB17-49A6-A6E8-1484A3413C46}.Debug|Any CPU.ActiveCfg = Debug|Any CPU
		{CE59E4DA-EB17-49A6-A6E8-1484A3413C46}.Debug|Any CPU.Build.0 = Debug|Any CPU
		{CE59E4DA-EB17-49A6-A6E8-1484A3413C46}.Release|Any CPU.ActiveCfg = Release|Any CPU
		{CE59E4DA-EB17-49A6-A6E8-1484A3413C46}.Release|Any CPU.Build.0 = Release|Any CPU
	EndGlobalSection
	GlobalSection(SolutionProperties) = preSolution
		HideSolutionNode = FALSE
	EndGlobalSection
	GlobalSection(NestedProjects) = preSolution
		{FD8336E3-655B-430A-A72F-377E83D54C63} = {49823B21-7C47-43DF-B3C1-4F48E2237EAD}
		{AB4EB02B-E16A-40B7-8524-A4F752FDFBBA} = {15D1FCD7-8027-4DD0-BF1A-BFC295C99332}
		{BA191F72-A499-4D5B-972C-66EF3BD24B99} = {15D1FCD7-8027-4DD0-BF1A-BFC295C99332}
		{27B8F9C6-B0D5-4E66-8AB7-12A23D4EEFB9} = {B42081F2-652A-46C6-8E10-D727A3C360A1}
		{CE59E4DA-EB17-49A6-A6E8-1484A3413C46} = {15D1FCD7-8027-4DD0-BF1A-BFC295C99332}
		{3531998A-0501-4259-A130-D982412978AC} = {B42081F2-652A-46C6-8E10-D727A3C360A1}
		{BA2AD413-4251-4C08-9BE5-402DCA7CAA41} = {B5D05395-4D8B-40A2-A03E-BFF4E76D7F7B}
		{9F873D32-DF04-4453-9604-716F5598AC7E} = {BA2AD413-4251-4C08-9BE5-402DCA7CAA41}
		{8819C279-C1A2-420B-A1FD-28F4097EC41C} = {292C2B9E-E093-4476-AE17-A08F144AC27A}
		{A21A387B-90BB-45B0-AD48-240B86DA1FE9} = {8819C279-C1A2-420B-A1FD-28F4097EC41C}
		{5101A9AB-5CCE-4A20-AEA5-432BD2E4D9D2} = {292C2B9E-E093-4476-AE17-A08F144AC27A}
		{8A80B7B0-F9B3-45C9-8796-C8049C43CD7E} = {5101A9AB-5CCE-4A20-AEA5-432BD2E4D9D2}
		{BF2D34D4-5549-4098-994B-FACDBD730C56} = {8A80B7B0-F9B3-45C9-8796-C8049C43CD7E}
		{947EBA33-4567-4F7D-AF42-6A986153577E} = {BF2D34D4-5549-4098-994B-FACDBD730C56}
	EndGlobalSection
	GlobalSection(ExtensibilityGlobals) = postSolution
		SolutionGuid = {4A779269-CD77-4716-9E1A-DF4AE5817A41}
	EndGlobalSection
EndGlobal
